
Microsoft Visual Studio Solution File, Format Version 12.00
# Visual Studio Version 16
VisualStudioVersion = 25.0.1706.6
MinimumVisualStudioVersion = 10.0.40219.1
Project("{FAE04EC0-301F-11D3-BF4B-00C04F79EFBC}") = "TestTask", "TestTask\TestTask.csproj", "{33DA0B19-57B9-42CD-93F1-1A951B1F79B1}"
EndProject
Global
	GlobalSection(SolutionConfigurationPlatforms) = preSolution
		Debug|Any CPU = Debug|Any CPU
		Release|Any CPU = Release|Any CPU
	EndGlobalSection
	GlobalSection(ProjectConfigurationPlatforms) = postSolution
		{33DA0B19-57B9-42CD-93F1-1A951B1F79B1}.Debug|Any CPU.ActiveCfg = Debug|Any CPU
		{33DA0B19-57B9-42CD-93F1-1A951B1F79B1}.Debug|Any CPU.Build.0 = Debug|Any CPU
		{33DA0B19-57B9-42CD-93F1-1A951B1F79B1}.Release|Any CPU.ActiveCfg = Release|Any CPU
		{33DA0B19-57B9-42CD-93F1-1A951B1F79B1}.Release|Any CPU.Build.0 = Release|Any CPU
	EndGlobalSection
	GlobalSection(SolutionProperties) = preSolution
		HideSolutionNode = FALSE
	EndGlobalSection
	GlobalSection(ExtensibilityGlobals) = postSolution
		SolutionGuid = {B967DCCC-20A2-471B-9DE7-4FBA81FC0817}
	EndGlobalSection
EndGlobal
